// !$*UTF8*$!
{
	archiveVersion = 1;
	classes = {
	};
	objectVersion = 50;
	objects = {

/* Begin PBXBuildFile section */
		523A67C3254F05AD0049D433 /* Friends.storyboard in Resources */ = {isa = PBXBuildFile; fileRef = 523A67C2254F05AD0049D433 /* Friends.storyboard */; };
		523A67C6254F05BD0049D433 /* Groups.storyboard in Resources */ = {isa = PBXBuildFile; fileRef = 523A67C5254F05BD0049D433 /* Groups.storyboard */; };
		52444EDD25728A110081E8F2 /* AnimatedTabBarController.swift in Sources */ = {isa = PBXBuildFile; fileRef = 52444EDC25728A110081E8F2 /* AnimatedTabBarController.swift */; };
		5247374D25585FC90036A773 /* AvtarView.swift in Sources */ = {isa = PBXBuildFile; fileRef = 5247374C25585FC90036A773 /* AvtarView.swift */; };
		5247375025586A5A0036A773 /* ShadowView.swift in Sources */ = {isa = PBXBuildFile; fileRef = 5247374F25586A5A0036A773 /* ShadowView.swift */; };
		52552246256ABEF100F13F2D /* FriendPhotoBrowserViewController.swift in Sources */ = {isa = PBXBuildFile; fileRef = 52552245256ABEF100F13F2D /* FriendPhotoBrowserViewController.swift */; };
		52648BCC2555952B00426E81 /* LikeControl.swift in Sources */ = {isa = PBXBuildFile; fileRef = 52648BCB2555952B00426E81 /* LikeControl.swift */; };
		5278EEC4254F54CD004F1EB4 /* FriendTableViewController.swift in Sources */ = {isa = PBXBuildFile; fileRef = 5278EEC3254F54CD004F1EB4 /* FriendTableViewController.swift */; };
		5278EEC7254F54E9004F1EB4 /* FriendTableViewCell.swift in Sources */ = {isa = PBXBuildFile; fileRef = 5278EEC6254F54E9004F1EB4 /* FriendTableViewCell.swift */; };
		5278EECA254F5530004F1EB4 /* FriendCollectionViewController.swift in Sources */ = {isa = PBXBuildFile; fileRef = 5278EEC9254F5530004F1EB4 /* FriendCollectionViewController.swift */; };
		5278EECD254F5541004F1EB4 /* FriendCollectionViewCell.swift in Sources */ = {isa = PBXBuildFile; fileRef = 5278EECC254F5541004F1EB4 /* FriendCollectionViewCell.swift */; };
		527DDDA92561982B00FF87B8 /* News.storyboard in Resources */ = {isa = PBXBuildFile; fileRef = 527DDDA82561982B00FF87B8 /* News.storyboard */; };
		527DDDAC25619CA900FF87B8 /* NewsTableViewController.swift in Sources */ = {isa = PBXBuildFile; fileRef = 527DDDAB25619CA900FF87B8 /* NewsTableViewController.swift */; };
		527DDDAF25619CC500FF87B8 /* NewsTableViewCell.swift in Sources */ = {isa = PBXBuildFile; fileRef = 527DDDAE25619CC500FF87B8 /* NewsTableViewCell.swift */; };
		528DC7962566892D00DF2C98 /* LoadingViewController.swift in Sources */ = {isa = PBXBuildFile; fileRef = 528DC7952566892D00DF2C98 /* LoadingViewController.swift */; };
		52A395622551C54900042263 /* Friend.swift in Sources */ = {isa = PBXBuildFile; fileRef = 52A395612551C54900042263 /* Friend.swift */; };
		52A395652551C58E00042263 /* Group.swift in Sources */ = {isa = PBXBuildFile; fileRef = 52A395642551C58E00042263 /* Group.swift */; };
		52A395682551CB4800042263 /* MyGroupTableViewController.swift in Sources */ = {isa = PBXBuildFile; fileRef = 52A395672551CB4800042263 /* MyGroupTableViewController.swift */; };
		52A3956B2551CB5A00042263 /* AllGroupTableViewController.swift in Sources */ = {isa = PBXBuildFile; fileRef = 52A3956A2551CB5A00042263 /* AllGroupTableViewController.swift */; };
		52A3956E2551CB9100042263 /* MyGroupTableViewCell.swift in Sources */ = {isa = PBXBuildFile; fileRef = 52A3956D2551CB9100042263 /* MyGroupTableViewCell.swift */; };
		52A395712551CB9F00042263 /* AllGroupTableViewCell.swift in Sources */ = {isa = PBXBuildFile; fileRef = 52A395702551CB9F00042263 /* AllGroupTableViewCell.swift */; };
		52A61B3A2545BC5800DAEE04 /* AppDelegate.swift in Sources */ = {isa = PBXBuildFile; fileRef = 52A61B392545BC5800DAEE04 /* AppDelegate.swift */; };
		52A61B3E2545BC5800DAEE04 /* LoginScreenController.swift in Sources */ = {isa = PBXBuildFile; fileRef = 52A61B3D2545BC5800DAEE04 /* LoginScreenController.swift */; };
		52A61B412545BC5800DAEE04 /* LoginScreen.storyboard in Resources */ = {isa = PBXBuildFile; fileRef = 52A61B3F2545BC5800DAEE04 /* LoginScreen.storyboard */; };
		52A61B432545BC5900DAEE04 /* Assets.xcassets in Resources */ = {isa = PBXBuildFile; fileRef = 52A61B422545BC5900DAEE04 /* Assets.xcassets */; };
		52A61B462545BC5900DAEE04 /* LaunchScreen.storyboard in Resources */ = {isa = PBXBuildFile; fileRef = 52A61B442545BC5900DAEE04 /* LaunchScreen.storyboard */; };
		52AC45CC256D7D1200A778B1 /* CustomNavigationController.swift in Sources */ = {isa = PBXBuildFile; fileRef = 52AC45CB256D7D1200A778B1 /* CustomNavigationController.swift */; };
		52AC45D1256D7FC600A778B1 /* CustomInteractiveTransition.swift in Sources */ = {isa = PBXBuildFile; fileRef = 52AC45D0256D7FC600A778B1 /* CustomInteractiveTransition.swift */; };
		52B9F0F52563F30B00AF2B4B /* ScaledHeightImageView.swift in Sources */ = {isa = PBXBuildFile; fileRef = 52B9F0F42563F30B00AF2B4B /* ScaledHeightImageView.swift */; };
		52BF4E9B258A631700FA8C69 /* Session.swift in Sources */ = {isa = PBXBuildFile; fileRef = 52BF4E9A258A631700FA8C69 /* Session.swift */; };
		52E7B371256D81F200DBE969 /* PushAnimator.swift in Sources */ = {isa = PBXBuildFile; fileRef = 52E7B370256D81F200DBE969 /* PushAnimator.swift */; };
		52E7B376256D823800DBE969 /* PopAnimator.swift in Sources */ = {isa = PBXBuildFile; fileRef = 52E7B375256D823800DBE969 /* PopAnimator.swift */; };
/* End PBXBuildFile section */

/* Begin PBXFileReference section */
		523A67C2254F05AD0049D433 /* Friends.storyboard */ = {isa = PBXFileReference; lastKnownFileType = file.storyboard; path = Friends.storyboard; sourceTree = "<group>"; };
		523A67C5254F05BD0049D433 /* Groups.storyboard */ = {isa = PBXFileReference; lastKnownFileType = file.storyboard; path = Groups.storyboard; sourceTree = "<group>"; };
		52444EDC25728A110081E8F2 /* AnimatedTabBarController.swift */ = {isa = PBXFileReference; lastKnownFileType = sourcecode.swift; path = AnimatedTabBarController.swift; sourceTree = "<group>"; };
		5247374C25585FC90036A773 /* AvtarView.swift */ = {isa = PBXFileReference; lastKnownFileType = sourcecode.swift; path = AvtarView.swift; sourceTree = "<group>"; };
		5247374F25586A5A0036A773 /* ShadowView.swift */ = {isa = PBXFileReference; lastKnownFileType = sourcecode.swift; path = ShadowView.swift; sourceTree = "<group>"; };
		52552245256ABEF100F13F2D /* FriendPhotoBrowserViewController.swift */ = {isa = PBXFileReference; lastKnownFileType = sourcecode.swift; path = FriendPhotoBrowserViewController.swift; sourceTree = "<group>"; };
		52648BCB2555952B00426E81 /* LikeControl.swift */ = {isa = PBXFileReference; lastKnownFileType = sourcecode.swift; path = LikeControl.swift; sourceTree = "<group>"; };
		5278EEC3254F54CD004F1EB4 /* FriendTableViewController.swift */ = {isa = PBXFileReference; lastKnownFileType = sourcecode.swift; path = FriendTableViewController.swift; sourceTree = "<group>"; };
		5278EEC6254F54E9004F1EB4 /* FriendTableViewCell.swift */ = {isa = PBXFileReference; lastKnownFileType = sourcecode.swift; path = FriendTableViewCell.swift; sourceTree = "<group>"; };
		5278EEC9254F5530004F1EB4 /* FriendCollectionViewController.swift */ = {isa = PBXFileReference; lastKnownFileType = sourcecode.swift; path = FriendCollectionViewController.swift; sourceTree = "<group>"; };
		5278EECC254F5541004F1EB4 /* FriendCollectionViewCell.swift */ = {isa = PBXFileReference; lastKnownFileType = sourcecode.swift; path = FriendCollectionViewCell.swift; sourceTree = "<group>"; };
		527DDDA82561982B00FF87B8 /* News.storyboard */ = {isa = PBXFileReference; lastKnownFileType = file.storyboard; path = News.storyboard; sourceTree = "<group>"; };
		527DDDAB25619CA900FF87B8 /* NewsTableViewController.swift */ = {isa = PBXFileReference; lastKnownFileType = sourcecode.swift; path = NewsTableViewController.swift; sourceTree = "<group>"; };
		527DDDAE25619CC500FF87B8 /* NewsTableViewCell.swift */ = {isa = PBXFileReference; lastKnownFileType = sourcecode.swift; path = NewsTableViewCell.swift; sourceTree = "<group>"; };
		528DC7952566892D00DF2C98 /* LoadingViewController.swift */ = {isa = PBXFileReference; lastKnownFileType = sourcecode.swift; path = LoadingViewController.swift; sourceTree = "<group>"; };
		52A395612551C54900042263 /* Friend.swift */ = {isa = PBXFileReference; lastKnownFileType = sourcecode.swift; path = Friend.swift; sourceTree = "<group>"; };
		52A395642551C58E00042263 /* Group.swift */ = {isa = PBXFileReference; lastKnownFileType = sourcecode.swift; path = Group.swift; sourceTree = "<group>"; };
		52A395672551CB4800042263 /* MyGroupTableViewController.swift */ = {isa = PBXFileReference; lastKnownFileType = sourcecode.swift; path = MyGroupTableViewController.swift; sourceTree = "<group>"; };
		52A3956A2551CB5A00042263 /* AllGroupTableViewController.swift */ = {isa = PBXFileReference; lastKnownFileType = sourcecode.swift; path = AllGroupTableViewController.swift; sourceTree = "<group>"; };
		52A3956D2551CB9100042263 /* MyGroupTableViewCell.swift */ = {isa = PBXFileReference; lastKnownFileType = sourcecode.swift; path = MyGroupTableViewCell.swift; sourceTree = "<group>"; };
		52A395702551CB9F00042263 /* AllGroupTableViewCell.swift */ = {isa = PBXFileReference; lastKnownFileType = sourcecode.swift; path = AllGroupTableViewCell.swift; sourceTree = "<group>"; };
		52A61B362545BC5800DAEE04 /* vkClient.app */ = {isa = PBXFileReference; explicitFileType = wrapper.application; includeInIndex = 0; path = vkClient.app; sourceTree = BUILT_PRODUCTS_DIR; };
		52A61B392545BC5800DAEE04 /* AppDelegate.swift */ = {isa = PBXFileReference; lastKnownFileType = sourcecode.swift; path = AppDelegate.swift; sourceTree = "<group>"; };
		52A61B3D2545BC5800DAEE04 /* LoginScreenController.swift */ = {isa = PBXFileReference; lastKnownFileType = sourcecode.swift; path = LoginScreenController.swift; sourceTree = "<group>"; };
		52A61B402545BC5800DAEE04 /* Base */ = {isa = PBXFileReference; lastKnownFileType = file.storyboard; name = Base; path = Base.lproj/LoginScreen.storyboard; sourceTree = "<group>"; };
		52A61B422545BC5900DAEE04 /* Assets.xcassets */ = {isa = PBXFileReference; lastKnownFileType = folder.assetcatalog; path = Assets.xcassets; sourceTree = "<group>"; };
		52A61B452545BC5900DAEE04 /* Base */ = {isa = PBXFileReference; lastKnownFileType = file.storyboard; name = Base; path = Base.lproj/LaunchScreen.storyboard; sourceTree = "<group>"; };
		52A61B472545BC5900DAEE04 /* Info.plist */ = {isa = PBXFileReference; lastKnownFileType = text.plist.xml; path = Info.plist; sourceTree = "<group>"; };
		52AC45CB256D7D1200A778B1 /* CustomNavigationController.swift */ = {isa = PBXFileReference; lastKnownFileType = sourcecode.swift; path = CustomNavigationController.swift; sourceTree = "<group>"; };
		52AC45D0256D7FC600A778B1 /* CustomInteractiveTransition.swift */ = {isa = PBXFileReference; lastKnownFileType = sourcecode.swift; path = CustomInteractiveTransition.swift; sourceTree = "<group>"; };
		52B9F0F42563F30B00AF2B4B /* ScaledHeightImageView.swift */ = {isa = PBXFileReference; lastKnownFileType = sourcecode.swift; path = ScaledHeightImageView.swift; sourceTree = "<group>"; };
		52BF4E9A258A631700FA8C69 /* Session.swift */ = {isa = PBXFileReference; lastKnownFileType = sourcecode.swift; path = Session.swift; sourceTree = "<group>"; };
		52E7B370256D81F200DBE969 /* PushAnimator.swift */ = {isa = PBXFileReference; lastKnownFileType = sourcecode.swift; path = PushAnimator.swift; sourceTree = "<group>"; };
		52E7B375256D823800DBE969 /* PopAnimator.swift */ = {isa = PBXFileReference; lastKnownFileType = sourcecode.swift; path = PopAnimator.swift; sourceTree = "<group>"; };
/* End PBXFileReference section */

/* Begin PBXFrameworksBuildPhase section */
		52A61B332545BC5800DAEE04 /* Frameworks */ = {
			isa = PBXFrameworksBuildPhase;
			buildActionMask = 2147483647;
			files = (
			);
			runOnlyForDeploymentPostprocessing = 0;
		};
/* End PBXFrameworksBuildPhase section */

/* Begin PBXGroup section */
		523A67BD254F04530049D433 /* Views */ = {
			isa = PBXGroup;
			children = (
				52648BCA2555950900426E81 /* Controls */,
				52A61B442545BC5900DAEE04 /* LaunchScreen.storyboard */,
				52A61B3F2545BC5800DAEE04 /* LoginScreen.storyboard */,
				523A67C2254F05AD0049D433 /* Friends.storyboard */,
				523A67C5254F05BD0049D433 /* Groups.storyboard */,
				527DDDA82561982B00FF87B8 /* News.storyboard */,
			);
			path = Views;
			sourceTree = "<group>";
		};
		523A67BE254F05100049D433 /* Controllers */ = {
			isa = PBXGroup;
			children = (
				527DDDB125619CCF00FF87B8 /* News */,
				5278EEBE254F47EB004F1EB4 /* Groups */,
				5278EEBD254F47DE004F1EB4 /* Friends */,
				528DC7982566894700DF2C98 /* Loading */,
				523A67C0254F05400049D433 /* Login */,
				52AC45CE256D7DAC00A778B1 /* Navigation controllers */,
				52AC45D3256D7FD000A778B1 /* Interaction controllers */,
				52E7B373256D81FD00DBE969 /* Animation controllers */,
				52444EE12572D1220081E8F2 /* TabBar controllers */,
			);
			path = Controllers;
			sourceTree = "<group>";
		};
		523A67BF254F051A0049D433 /* Models */ = {
			isa = PBXGroup;
			children = (
				52A395612551C54900042263 /* Friend.swift */,
				52A395642551C58E00042263 /* Group.swift */,
			);
			path = Models;
			sourceTree = "<group>";
		};
		523A67C0254F05400049D433 /* Login */ = {
			isa = PBXGroup;
			children = (
				52A61B3D2545BC5800DAEE04 /* LoginScreenController.swift */,
			);
			path = Login;
			sourceTree = "<group>";
		};
		52444EE12572D1220081E8F2 /* TabBar controllers */ = {
			isa = PBXGroup;
			children = (
				52444EDC25728A110081E8F2 /* AnimatedTabBarController.swift */,
			);
			path = "TabBar controllers";
			sourceTree = "<group>";
		};
		52648BCA2555950900426E81 /* Controls */ = {
			isa = PBXGroup;
			children = (
				52648BCB2555952B00426E81 /* LikeControl.swift */,
				5247374C25585FC90036A773 /* AvtarView.swift */,
				5247374F25586A5A0036A773 /* ShadowView.swift */,
			);
			path = Controls;
			sourceTree = "<group>";
		};
		5278EEBD254F47DE004F1EB4 /* Friends */ = {
			isa = PBXGroup;
			children = (
				5278EEC0254F4920004F1EB4 /* Cells */,
				5278EEC3254F54CD004F1EB4 /* FriendTableViewController.swift */,
				5278EEC9254F5530004F1EB4 /* FriendCollectionViewController.swift */,
				52552245256ABEF100F13F2D /* FriendPhotoBrowserViewController.swift */,
			);
			path = Friends;
			sourceTree = "<group>";
		};
		5278EEBE254F47EB004F1EB4 /* Groups */ = {
			isa = PBXGroup;
			children = (
				5278EEC1254F492D004F1EB4 /* Cells */,
				52A395672551CB4800042263 /* MyGroupTableViewController.swift */,
				52A3956A2551CB5A00042263 /* AllGroupTableViewController.swift */,
			);
			path = Groups;
			sourceTree = "<group>";
		};
		5278EEC0254F4920004F1EB4 /* Cells */ = {
			isa = PBXGroup;
			children = (
				5278EEC6254F54E9004F1EB4 /* FriendTableViewCell.swift */,
				5278EECC254F5541004F1EB4 /* FriendCollectionViewCell.swift */,
			);
			path = Cells;
			sourceTree = "<group>";
		};
		5278EEC1254F492D004F1EB4 /* Cells */ = {
			isa = PBXGroup;
			children = (
				52A3956D2551CB9100042263 /* MyGroupTableViewCell.swift */,
				52A395702551CB9F00042263 /* AllGroupTableViewCell.swift */,
			);
			path = Cells;
			sourceTree = "<group>";
		};
		527DDDB125619CCF00FF87B8 /* News */ = {
			isa = PBXGroup;
			children = (
				527DDDB225619CF300FF87B8 /* Cells */,
				527DDDAB25619CA900FF87B8 /* NewsTableViewController.swift */,
			);
			path = News;
			sourceTree = "<group>";
		};
		527DDDB225619CF300FF87B8 /* Cells */ = {
			isa = PBXGroup;
			children = (
				527DDDAE25619CC500FF87B8 /* NewsTableViewCell.swift */,
			);
			path = Cells;
			sourceTree = "<group>";
		};
		528DC7982566894700DF2C98 /* Loading */ = {
			isa = PBXGroup;
			children = (
				528DC7952566892D00DF2C98 /* LoadingViewController.swift */,
			);
			path = Loading;
			sourceTree = "<group>";
		};
		52A61B2D2545BC5700DAEE04 = {
			isa = PBXGroup;
			children = (
				52A61B382545BC5800DAEE04 /* vkClient */,
				52A61B372545BC5800DAEE04 /* Products */,
			);
			sourceTree = "<group>";
		};
		52A61B372545BC5800DAEE04 /* Products */ = {
			isa = PBXGroup;
			children = (
				52A61B362545BC5800DAEE04 /* vkClient.app */,
			);
			name = Products;
			sourceTree = "<group>";
		};
		52A61B382545BC5800DAEE04 /* vkClient */ = {
			isa = PBXGroup;
			children = (
				52A61B392545BC5800DAEE04 /* AppDelegate.swift */,
				52A61B422545BC5900DAEE04 /* Assets.xcassets */,
				52A61B472545BC5900DAEE04 /* Info.plist */,
				52BF4E99258A623300FA8C69 /* Network services */,
				52B9F10025642B1C00AF2B4B /* Helpers */,
				523A67BF254F051A0049D433 /* Models */,
				523A67BD254F04530049D433 /* Views */,
				523A67BE254F05100049D433 /* Controllers */,
			);
			path = vkClient;
			sourceTree = "<group>";
		};
		52AC45CE256D7DAC00A778B1 /* Navigation controllers */ = {
			isa = PBXGroup;
			children = (
				52AC45CB256D7D1200A778B1 /* CustomNavigationController.swift */,
			);
			path = "Navigation controllers";
			sourceTree = "<group>";
		};
		52AC45D3256D7FD000A778B1 /* Interaction controllers */ = {
			isa = PBXGroup;
			children = (
				52AC45D0256D7FC600A778B1 /* CustomInteractiveTransition.swift */,
			);
			path = "Interaction controllers";
			sourceTree = "<group>";
		};
		52B9F10025642B1C00AF2B4B /* Helpers */ = {
			isa = PBXGroup;
			children = (
				52B9F0F42563F30B00AF2B4B /* ScaledHeightImageView.swift */,
			);
			path = Helpers;
			sourceTree = "<group>";
		};
		52BF4E99258A623300FA8C69 /* Network services */ = {
			isa = PBXGroup;
			children = (
				52BF4E9A258A631700FA8C69 /* Session.swift */,
			);
			path = "Network services";
			sourceTree = "<group>";
		};
		52E7B373256D81FD00DBE969 /* Animation controllers */ = {
			isa = PBXGroup;
			children = (
				52E7B370256D81F200DBE969 /* PushAnimator.swift */,
				52E7B375256D823800DBE969 /* PopAnimator.swift */,
			);
			path = "Animation controllers";
			sourceTree = "<group>";
		};
/* End PBXGroup section */

/* Begin PBXNativeTarget section */
		52A61B352545BC5800DAEE04 /* vkClient */ = {
			isa = PBXNativeTarget;
			buildConfigurationList = 52A61B4A2545BC5900DAEE04 /* Build configuration list for PBXNativeTarget "vkClient" */;
			buildPhases = (
				52A61B322545BC5800DAEE04 /* Sources */,
				52A61B332545BC5800DAEE04 /* Frameworks */,
				52A61B342545BC5800DAEE04 /* Resources */,
			);
			buildRules = (
			);
			dependencies = (
			);
			name = vkClient;
			productName = vkClient;
			productReference = 52A61B362545BC5800DAEE04 /* vkClient.app */;
			productType = "com.apple.product-type.application";
		};
/* End PBXNativeTarget section */

/* Begin PBXProject section */
		52A61B2E2545BC5700DAEE04 /* Project object */ = {
			isa = PBXProject;
			attributes = {
				LastSwiftUpdateCheck = 1210;
				LastUpgradeCheck = 1210;
				TargetAttributes = {
					52A61B352545BC5800DAEE04 = {
						CreatedOnToolsVersion = 12.1;
					};
				};
			};
			buildConfigurationList = 52A61B312545BC5700DAEE04 /* Build configuration list for PBXProject "vkClient" */;
			compatibilityVersion = "Xcode 9.3";
			developmentRegion = en;
			hasScannedForEncodings = 0;
			knownRegions = (
				en,
				Base,
			);
			mainGroup = 52A61B2D2545BC5700DAEE04;
			productRefGroup = 52A61B372545BC5800DAEE04 /* Products */;
			projectDirPath = "";
			projectRoot = "";
			targets = (
				52A61B352545BC5800DAEE04 /* vkClient */,
			);
		};
/* End PBXProject section */

/* Begin PBXResourcesBuildPhase section */
		52A61B342545BC5800DAEE04 /* Resources */ = {
			isa = PBXResourcesBuildPhase;
			buildActionMask = 2147483647;
			files = (
				523A67C6254F05BD0049D433 /* Groups.storyboard in Resources */,
				527DDDA92561982B00FF87B8 /* News.storyboard in Resources */,
				523A67C3254F05AD0049D433 /* Friends.storyboard in Resources */,
				52A61B462545BC5900DAEE04 /* LaunchScreen.storyboard in Resources */,
				52A61B432545BC5900DAEE04 /* Assets.xcassets in Resources */,
				52A61B412545BC5800DAEE04 /* LoginScreen.storyboard in Resources */,
			);
			runOnlyForDeploymentPostprocessing = 0;
		};
/* End PBXResourcesBuildPhase section */

/* Begin PBXSourcesBuildPhase section */
		52A61B322545BC5800DAEE04 /* Sources */ = {
			isa = PBXSourcesBuildPhase;
			buildActionMask = 2147483647;
			files = (
				52A395682551CB4800042263 /* MyGroupTableViewController.swift in Sources */,
				52B9F0F52563F30B00AF2B4B /* ScaledHeightImageView.swift in Sources */,
				5278EECD254F5541004F1EB4 /* FriendCollectionViewCell.swift in Sources */,
				52A395622551C54900042263 /* Friend.swift in Sources */,
				52552246256ABEF100F13F2D /* FriendPhotoBrowserViewController.swift in Sources */,
				52A3956E2551CB9100042263 /* MyGroupTableViewCell.swift in Sources */,
				52AC45CC256D7D1200A778B1 /* CustomNavigationController.swift in Sources */,
				52A61B3E2545BC5800DAEE04 /* LoginScreenController.swift in Sources */,
				52A395652551C58E00042263 /* Group.swift in Sources */,
				52A61B3A2545BC5800DAEE04 /* AppDelegate.swift in Sources */,
				52A395712551CB9F00042263 /* AllGroupTableViewCell.swift in Sources */,
				5278EECA254F5530004F1EB4 /* FriendCollectionViewController.swift in Sources */,
				52648BCC2555952B00426E81 /* LikeControl.swift in Sources */,
				528DC7962566892D00DF2C98 /* LoadingViewController.swift in Sources */,
				5278EEC4254F54CD004F1EB4 /* FriendTableViewController.swift in Sources */,
				52E7B371256D81F200DBE969 /* PushAnimator.swift in Sources */,
				5247375025586A5A0036A773 /* ShadowView.swift in Sources */,
				52AC45D1256D7FC600A778B1 /* CustomInteractiveTransition.swift in Sources */,
				527DDDAC25619CA900FF87B8 /* NewsTableViewController.swift in Sources */,
				52444EDD25728A110081E8F2 /* AnimatedTabBarController.swift in Sources */,
				52BF4E9B258A631700FA8C69 /* Session.swift in Sources */,
				5278EEC7254F54E9004F1EB4 /* FriendTableViewCell.swift in Sources */,
				527DDDAF25619CC500FF87B8 /* NewsTableViewCell.swift in Sources */,
				5247374D25585FC90036A773 /* AvtarView.swift in Sources */,
				52E7B376256D823800DBE969 /* PopAnimator.swift in Sources */,
				52A3956B2551CB5A00042263 /* AllGroupTableViewController.swift in Sources */,
			);
			runOnlyForDeploymentPostprocessing = 0;
		};
/* End PBXSourcesBuildPhase section */

/* Begin PBXVariantGroup section */
		52A61B3F2545BC5800DAEE04 /* LoginScreen.storyboard */ = {
			isa = PBXVariantGroup;
			children = (
				52A61B402545BC5800DAEE04 /* Base */,
			);
			name = LoginScreen.storyboard;
			sourceTree = "<group>";
		};
		52A61B442545BC5900DAEE04 /* LaunchScreen.storyboard */ = {
			isa = PBXVariantGroup;
			children = (
				52A61B452545BC5900DAEE04 /* Base */,
			);
			name = LaunchScreen.storyboard;
			sourceTree = "<group>";
		};
/* End PBXVariantGroup section */

/* Begin XCBuildConfiguration section */
		52A61B482545BC5900DAEE04 /* Debug */ = {
			isa = XCBuildConfiguration;
			buildSettings = {
				ALWAYS_SEARCH_USER_PATHS = NO;
				CLANG_ANALYZER_NONNULL = YES;
				CLANG_ANALYZER_NUMBER_OBJECT_CONVERSION = YES_AGGRESSIVE;
				CLANG_CXX_LANGUAGE_STANDARD = "gnu++14";
				CLANG_CXX_LIBRARY = "libc++";
				CLANG_ENABLE_MODULES = YES;
				CLANG_ENABLE_OBJC_ARC = YES;
				CLANG_ENABLE_OBJC_WEAK = YES;
				CLANG_WARN_BLOCK_CAPTURE_AUTORELEASING = YES;
				CLANG_WARN_BOOL_CONVERSION = YES;
				CLANG_WARN_COMMA = YES;
				CLANG_WARN_CONSTANT_CONVERSION = YES;
				CLANG_WARN_DEPRECATED_OBJC_IMPLEMENTATIONS = YES;
				CLANG_WARN_DIRECT_OBJC_ISA_USAGE = YES_ERROR;
				CLANG_WARN_DOCUMENTATION_COMMENTS = YES;
				CLANG_WARN_EMPTY_BODY = YES;
				CLANG_WARN_ENUM_CONVERSION = YES;
				CLANG_WARN_INFINITE_RECURSION = YES;
				CLANG_WARN_INT_CONVERSION = YES;
				CLANG_WARN_NON_LITERAL_NULL_CONVERSION = YES;
				CLANG_WARN_OBJC_IMPLICIT_RETAIN_SELF = YES;
				CLANG_WARN_OBJC_LITERAL_CONVERSION = YES;
				CLANG_WARN_OBJC_ROOT_CLASS = YES_ERROR;
				CLANG_WARN_QUOTED_INCLUDE_IN_FRAMEWORK_HEADER = YES;
				CLANG_WARN_RANGE_LOOP_ANALYSIS = YES;
				CLANG_WARN_STRICT_PROTOTYPES = YES;
				CLANG_WARN_SUSPICIOUS_MOVE = YES;
				CLANG_WARN_UNGUARDED_AVAILABILITY = YES_AGGRESSIVE;
				CLANG_WARN_UNREACHABLE_CODE = YES;
				CLANG_WARN__DUPLICATE_METHOD_MATCH = YES;
				COPY_PHASE_STRIP = NO;
				DEBUG_INFORMATION_FORMAT = dwarf;
				ENABLE_STRICT_OBJC_MSGSEND = YES;
				ENABLE_TESTABILITY = YES;
				GCC_C_LANGUAGE_STANDARD = gnu11;
				GCC_DYNAMIC_NO_PIC = NO;
				GCC_NO_COMMON_BLOCKS = YES;
				GCC_OPTIMIZATION_LEVEL = 0;
				GCC_PREPROCESSOR_DEFINITIONS = (
					"DEBUG=1",
					"$(inherited)",
				);
				GCC_WARN_64_TO_32_BIT_CONVERSION = YES;
				GCC_WARN_ABOUT_RETURN_TYPE = YES_ERROR;
				GCC_WARN_UNDECLARED_SELECTOR = YES;
				GCC_WARN_UNINITIALIZED_AUTOS = YES_AGGRESSIVE;
				GCC_WARN_UNUSED_FUNCTION = YES;
				GCC_WARN_UNUSED_VARIABLE = YES;
				IPHONEOS_DEPLOYMENT_TARGET = 14.1;
				MTL_ENABLE_DEBUG_INFO = INCLUDE_SOURCE;
				MTL_FAST_MATH = YES;
				ONLY_ACTIVE_ARCH = YES;
				SDKROOT = iphoneos;
				SWIFT_ACTIVE_COMPILATION_CONDITIONS = DEBUG;
				SWIFT_OPTIMIZATION_LEVEL = "-Onone";
			};
			name = Debug;
		};
		52A61B492545BC5900DAEE04 /* Release */ = {
			isa = XCBuildConfiguration;
			buildSettings = {
				ALWAYS_SEARCH_USER_PATHS = NO;
				CLANG_ANALYZER_NONNULL = YES;
				CLANG_ANALYZER_NUMBER_OBJECT_CONVERSION = YES_AGGRESSIVE;
				CLANG_CXX_LANGUAGE_STANDARD = "gnu++14";
				CLANG_CXX_LIBRARY = "libc++";
				CLANG_ENABLE_MODULES = YES;
				CLANG_ENABLE_OBJC_ARC = YES;
				CLANG_ENABLE_OBJC_WEAK = YES;
				CLANG_WARN_BLOCK_CAPTURE_AUTORELEASING = YES;
				CLANG_WARN_BOOL_CONVERSION = YES;
				CLANG_WARN_COMMA = YES;
				CLANG_WARN_CONSTANT_CONVERSION = YES;
				CLANG_WARN_DEPRECATED_OBJC_IMPLEMENTATIONS = YES;
				CLANG_WARN_DIRECT_OBJC_ISA_USAGE = YES_ERROR;
				CLANG_WARN_DOCUMENTATION_COMMENTS = YES;
				CLANG_WARN_EMPTY_BODY = YES;
				CLANG_WARN_ENUM_CONVERSION = YES;
				CLANG_WARN_INFINITE_RECURSION = YES;
				CLANG_WARN_INT_CONVERSION = YES;
				CLANG_WARN_NON_LITERAL_NULL_CONVERSION = YES;
				CLANG_WARN_OBJC_IMPLICIT_RETAIN_SELF = YES;
				CLANG_WARN_OBJC_LITERAL_CONVERSION = YES;
				CLANG_WARN_OBJC_ROOT_CLASS = YES_ERROR;
				CLANG_WARN_QUOTED_INCLUDE_IN_FRAMEWORK_HEADER = YES;
				CLANG_WARN_RANGE_LOOP_ANALYSIS = YES;
				CLANG_WARN_STRICT_PROTOTYPES = YES;
				CLANG_WARN_SUSPICIOUS_MOVE = YES;
				CLANG_WARN_UNGUARDED_AVAILABILITY = YES_AGGRESSIVE;
				CLANG_WARN_UNREACHABLE_CODE = YES;
				CLANG_WARN__DUPLICATE_METHOD_MATCH = YES;
				COPY_PHASE_STRIP = NO;
				DEBUG_INFORMATION_FORMAT = "dwarf-with-dsym";
				ENABLE_NS_ASSERTIONS = NO;
				ENABLE_STRICT_OBJC_MSGSEND = YES;
				GCC_C_LANGUAGE_STANDARD = gnu11;
				GCC_NO_COMMON_BLOCKS = YES;
				GCC_WARN_64_TO_32_BIT_CONVERSION = YES;
				GCC_WARN_ABOUT_RETURN_TYPE = YES_ERROR;
				GCC_WARN_UNDECLARED_SELECTOR = YES;
				GCC_WARN_UNINITIALIZED_AUTOS = YES_AGGRESSIVE;
				GCC_WARN_UNUSED_FUNCTION = YES;
				GCC_WARN_UNUSED_VARIABLE = YES;
				IPHONEOS_DEPLOYMENT_TARGET = 14.1;
				MTL_ENABLE_DEBUG_INFO = NO;
				MTL_FAST_MATH = YES;
				SDKROOT = iphoneos;
				SWIFT_COMPILATION_MODE = wholemodule;
				SWIFT_OPTIMIZATION_LEVEL = "-O";
				VALIDATE_PRODUCT = YES;
			};
			name = Release;
		};
		52A61B4B2545BC5900DAEE04 /* Debug */ = {
			isa = XCBuildConfiguration;
			buildSettings = {
				ASSETCATALOG_COMPILER_APPICON_NAME = AppIcon;
				ASSETCATALOG_COMPILER_GLOBAL_ACCENT_COLOR_NAME = AccentColor;
				CODE_SIGN_IDENTITY = "Apple Development";
				CODE_SIGN_STYLE = Manual;
				DEVELOPMENT_TEAM = "";
				INFOPLIST_FILE = vkClient/Info.plist;
				LD_RUNPATH_SEARCH_PATHS = (
					"$(inherited)",
					"@executable_path/Frameworks",
				);
				PRODUCT_BUNDLE_IDENTIFIER = "GU-iOS-646.vkClient";
				PRODUCT_NAME = "$(TARGET_NAME)";
				PROVISIONING_PROFILE_SPECIFIER = "";
				SWIFT_VERSION = 5.0;
				TARGETED_DEVICE_FAMILY = "1,2";
			};
			name = Debug;
		};
		52A61B4C2545BC5900DAEE04 /* Release */ = {
			isa = XCBuildConfiguration;
			buildSettings = {
				ASSETCATALOG_COMPILER_APPICON_NAME = AppIcon;
				ASSETCATALOG_COMPILER_GLOBAL_ACCENT_COLOR_NAME = AccentColor;
				CODE_SIGN_IDENTITY = "Apple Development";
				CODE_SIGN_STYLE = Manual;
				DEVELOPMENT_TEAM = "";
				INFOPLIST_FILE = vkClient/Info.plist;
				LD_RUNPATH_SEARCH_PATHS = (
					"$(inherited)",
					"@executable_path/Frameworks",
				);
				PRODUCT_BUNDLE_IDENTIFIER = "GU-iOS-646.vkClient";
				PRODUCT_NAME = "$(TARGET_NAME)";
				PROVISIONING_PROFILE_SPECIFIER = "";
				SWIFT_VERSION = 5.0;
				TARGETED_DEVICE_FAMILY = "1,2";
			};
			name = Release;
		};
/* End XCBuildConfiguration section */

/* Begin XCConfigurationList section */
		52A61B312545BC5700DAEE04 /* Build configuration list for PBXProject "vkClient" */ = {
			isa = XCConfigurationList;
			buildConfigurations = (
				52A61B482545BC5900DAEE04 /* Debug */,
				52A61B492545BC5900DAEE04 /* Release */,
			);
			defaultConfigurationIsVisible = 0;
			defaultConfigurationName = Release;
		};
		52A61B4A2545BC5900DAEE04 /* Build configuration list for PBXNativeTarget "vkClient" */ = {
			isa = XCConfigurationList;
			buildConfigurations = (
				52A61B4B2545BC5900DAEE04 /* Debug */,
				52A61B4C2545BC5900DAEE04 /* Release */,
			);
			defaultConfigurationIsVisible = 0;
			defaultConfigurationName = Release;
		};
/* End XCConfigurationList section */
	};
	rootObject = 52A61B2E2545BC5700DAEE04 /* Project object */;
}
